
Microsoft Visual Studio Solution File, Format Version 12.00
# Visual Studio Version 17
VisualStudioVersion = 17.4.33122.133
MinimumVisualStudioVersion = 10.0.40219.1
Project("{9A19103F-16F7-4668-BE54-9A1E7A4F7556}") = "AuthKeyApi", "AuthKeyApi\AuthKeyApi.csproj", "{9EB42D3B-108B-442F-9BFB-65551E7544D9}"
EndProject
Project("{FAE04EC0-301F-11D3-BF4B-00C04F79EFBC}") = "publickeygenerator", "publickeygenerator\publickeygenerator.csproj", "{5A69A821-778D-421D-9324-F74441FE29F3}"
EndProject
Global
	GlobalSection(SolutionConfigurationPlatforms) = preSolution
		Debug|Any CPU = Debug|Any CPU
		Release|Any CPU = Release|Any CPU
	EndGlobalSection
	GlobalSection(ProjectConfigurationPlatforms) = postSolution
		{9EB42D3B-108B-442F-9BFB-65551E7544D9}.Debug|Any CPU.ActiveCfg = Debug|Any CPU
		{9EB42D3B-108B-442F-9BFB-65551E7544D9}.Debug|Any CPU.Build.0 = Debug|Any CPU
		{9EB42D3B-108B-442F-9BFB-65551E7544D9}.Release|Any CPU.ActiveCfg = Release|Any CPU
		{9EB42D3B-108B-442F-9BFB-65551E7544D9}.Release|Any CPU.Build.0 = Release|Any CPU
		{5A69A821-778D-421D-9324-F74441FE29F3}.Debug|Any CPU.ActiveCfg = Debug|Any CPU
		{5A69A821-778D-421D-9324-F74441FE29F3}.Debug|Any CPU.Build.0 = Debug|Any CPU
		{5A69A821-778D-421D-9324-F74441FE29F3}.Release|Any CPU.ActiveCfg = Release|Any CPU
		{5A69A821-778D-421D-9324-F74441FE29F3}.Release|Any CPU.Build.0 = Release|Any CPU
	EndGlobalSection
	GlobalSection(SolutionProperties) = preSolution
		HideSolutionNode = FALSE
	EndGlobalSection
	GlobalSection(ExtensibilityGlobals) = postSolution
		SolutionGuid = {8D9BEE84-FAD1-4D9E-81B0-C457330BCAB9}
	EndGlobalSection
EndGlobal
